// !$*UTF8*$!
{
	archiveVersion = 1;
	classes = {
	};
	objectVersion = 46;
	objects = {

/* Begin PBXBuildFile section */
		4C2D188A1EB5184900C2B29B /* AppDelegate.swift in Sources */ = {isa = PBXBuildFile; fileRef = 4C2D187C1EB5184900C2B29B /* AppDelegate.swift */; };
		4C2D188C1EB5184900C2B29B /* ChaosGameViewController.swift in Sources */ = {isa = PBXBuildFile; fileRef = 4C2D187F1EB5184900C2B29B /* ChaosGameViewController.swift */; };
		4C2D188D1EB5184900C2B29B /* ChaosGamePointGenerator.swift in Sources */ = {isa = PBXBuildFile; fileRef = 4C2D18811EB5184900C2B29B /* ChaosGamePointGenerator.swift */; };
		4C2D188E1EB5184900C2B29B /* IterativeGenerator.swift in Sources */ = {isa = PBXBuildFile; fileRef = 4C2D18821EB5184900C2B29B /* IterativeGenerator.swift */; };
		4C2D188F1EB5184900C2B29B /* Polygon.swift in Sources */ = {isa = PBXBuildFile; fileRef = 4C2D18831EB5184900C2B29B /* Polygon.swift */; };
		4C2D18901EB5184900C2B29B /* Assets.xcassets in Resources */ = {isa = PBXBuildFile; fileRef = 4C2D18851EB5184900C2B29B /* Assets.xcassets */; };
		4C2D18911EB5184900C2B29B /* Main.storyboard in Resources */ = {isa = PBXBuildFile; fileRef = 4C2D18861EB5184900C2B29B /* Main.storyboard */; };
		4C2D18941EB51EDA00C2B29B /* ChaosGameSettings.swift in Sources */ = {isa = PBXBuildFile; fileRef = 4C2D18931EB51EDA00C2B29B /* ChaosGameSettings.swift */; };
		4C2D18961EB5218A00C2B29B /* PolygonVertexSelector.swift in Sources */ = {isa = PBXBuildFile; fileRef = 4C2D18951EB5218A00C2B29B /* PolygonVertexSelector.swift */; };
		4C2D18981EB5411B00C2B29B /* ChaosGameSettingsViewController.swift in Sources */ = {isa = PBXBuildFile; fileRef = 4C2D18971EB5411B00C2B29B /* ChaosGameSettingsViewController.swift */; };
		4C2D189A1EB5576C00C2B29B /* ChaosGameRunner.swift in Sources */ = {isa = PBXBuildFile; fileRef = 4C2D18991EB5576C00C2B29B /* ChaosGameRunner.swift */; };
		4C2D189E1EB569D100C2B29B /* ChaosGamePlotViewController.swift in Sources */ = {isa = PBXBuildFile; fileRef = 4C2D189D1EB569D100C2B29B /* ChaosGamePlotViewController.swift */; };
		4C2D18A31EB62E8400C2B29B /* CGGeometry+Convenience.swift in Sources */ = {isa = PBXBuildFile; fileRef = 4C2D18A21EB62E8400C2B29B /* CGGeometry+Convenience.swift */; };
		4C2D18B21EB6C1BB00C2B29B /* ConcurrentAccessor.swift in Sources */ = {isa = PBXBuildFile; fileRef = 4C2D18B11EB6C1BB00C2B29B /* ConcurrentAccessor.swift */; };
		4C2D18B41EB6C1CF00C2B29B /* QueueTimer.swift in Sources */ = {isa = PBXBuildFile; fileRef = 4C2D18B31EB6C1CF00C2B29B /* QueueTimer.swift */; };
		4CF6237F1ED1FED20081E22E /* SceneKit.framework in Frameworks */ = {isa = PBXBuildFile; fileRef = 4CF6237E1ED1FED20081E22E /* SceneKit.framework */; };
		4CF623811ED1FEDA0081E22E /* Cocoa.framework in Frameworks */ = {isa = PBXBuildFile; fileRef = 4CF623801ED1FEDA0081E22E /* Cocoa.framework */; };
/* End PBXBuildFile section */

/* Begin PBXFileReference section */
		4C2D18691EB517B800C2B29B /* ChaosGame.app */ = {isa = PBXFileReference; explicitFileType = wrapper.application; includeInIndex = 0; path = ChaosGame.app; sourceTree = BUILT_PRODUCTS_DIR; };
		4C2D187C1EB5184900C2B29B /* AppDelegate.swift */ = {isa = PBXFileReference; fileEncoding = 4; lastKnownFileType = sourcecode.swift; path = AppDelegate.swift; sourceTree = "<group>"; };
		4C2D187F1EB5184900C2B29B /* ChaosGameViewController.swift */ = {isa = PBXFileReference; fileEncoding = 4; lastKnownFileType = sourcecode.swift; path = ChaosGameViewController.swift; sourceTree = "<group>"; };
		4C2D18811EB5184900C2B29B /* ChaosGamePointGenerator.swift */ = {isa = PBXFileReference; fileEncoding = 4; lastKnownFileType = sourcecode.swift; path = ChaosGamePointGenerator.swift; sourceTree = "<group>"; };
		4C2D18821EB5184900C2B29B /* IterativeGenerator.swift */ = {isa = PBXFileReference; fileEncoding = 4; lastKnownFileType = sourcecode.swift; path = IterativeGenerator.swift; sourceTree = "<group>"; };
		4C2D18831EB5184900C2B29B /* Polygon.swift */ = {isa = PBXFileReference; fileEncoding = 4; lastKnownFileType = sourcecode.swift; path = Polygon.swift; sourceTree = "<group>"; };
		4C2D18851EB5184900C2B29B /* Assets.xcassets */ = {isa = PBXFileReference; lastKnownFileType = folder.assetcatalog; path = Assets.xcassets; sourceTree = "<group>"; };
		4C2D18871EB5184900C2B29B /* Base */ = {isa = PBXFileReference; lastKnownFileType = file.storyboard; name = Base; path = Base.lproj/Main.storyboard; sourceTree = "<group>"; };
		4C2D18931EB51EDA00C2B29B /* ChaosGameSettings.swift */ = {isa = PBXFileReference; fileEncoding = 4; lastKnownFileType = sourcecode.swift; path = ChaosGameSettings.swift; sourceTree = "<group>"; };
		4C2D18951EB5218A00C2B29B /* PolygonVertexSelector.swift */ = {isa = PBXFileReference; fileEncoding = 4; lastKnownFileType = sourcecode.swift; path = PolygonVertexSelector.swift; sourceTree = "<group>"; };
		4C2D18971EB5411B00C2B29B /* ChaosGameSettingsViewController.swift */ = {isa = PBXFileReference; fileEncoding = 4; lastKnownFileType = sourcecode.swift; path = ChaosGameSettingsViewController.swift; sourceTree = "<group>"; };
		4C2D18991EB5576C00C2B29B /* ChaosGameRunner.swift */ = {isa = PBXFileReference; fileEncoding = 4; lastKnownFileType = sourcecode.swift; path = ChaosGameRunner.swift; sourceTree = "<group>"; };
		4C2D189D1EB569D100C2B29B /* ChaosGamePlotViewController.swift */ = {isa = PBXFileReference; fileEncoding = 4; lastKnownFileType = sourcecode.swift; path = ChaosGamePlotViewController.swift; sourceTree = "<group>"; };
		4C2D18A21EB62E8400C2B29B /* CGGeometry+Convenience.swift */ = {isa = PBXFileReference; fileEncoding = 4; lastKnownFileType = sourcecode.swift; path = "CGGeometry+Convenience.swift"; sourceTree = "<group>"; };
		4C2D18B11EB6C1BB00C2B29B /* ConcurrentAccessor.swift */ = {isa = PBXFileReference; fileEncoding = 4; lastKnownFileType = sourcecode.swift; path = ConcurrentAccessor.swift; sourceTree = "<group>"; };
		4C2D18B31EB6C1CF00C2B29B /* QueueTimer.swift */ = {isa = PBXFileReference; fileEncoding = 4; lastKnownFileType = sourcecode.swift; path = QueueTimer.swift; sourceTree = "<group>"; };
		4CF623611ED1C71B0081E22E /* Info.plist */ = {isa = PBXFileReference; lastKnownFileType = text.plist.xml; path = Info.plist; sourceTree = "<group>"; };
		4CF6237E1ED1FED20081E22E /* SceneKit.framework */ = {isa = PBXFileReference; lastKnownFileType = wrapper.framework; name = SceneKit.framework; path = System/Library/Frameworks/SceneKit.framework; sourceTree = SDKROOT; };
		4CF623801ED1FEDA0081E22E /* Cocoa.framework */ = {isa = PBXFileReference; lastKnownFileType = wrapper.framework; name = Cocoa.framework; path = System/Library/Frameworks/Cocoa.framework; sourceTree = SDKROOT; };
/* End PBXFileReference section */

/* Begin PBXFrameworksBuildPhase section */
		4C2D18661EB517B800C2B29B /* Frameworks */ = {
			isa = PBXFrameworksBuildPhase;
			buildActionMask = 2147483647;
			files = (
				4CF623811ED1FEDA0081E22E /* Cocoa.framework in Frameworks */,
				4CF6237F1ED1FED20081E22E /* SceneKit.framework in Frameworks */,
			);
			runOnlyForDeploymentPostprocessing = 0;
		};
/* End PBXFrameworksBuildPhase section */

/* Begin PBXGroup section */
		4C2D18601EB517B800C2B29B = {
			isa = PBXGroup;
			children = (
				4C2D186B1EB517B800C2B29B /* ChaosGame */,
				4C2D186A1EB517B800C2B29B /* Products */,
				4CF6237D1ED1FED20081E22E /* Frameworks */,
			);
			sourceTree = "<group>";
		};
		4C2D186A1EB517B800C2B29B /* Products */ = {
			isa = PBXGroup;
			children = (
				4C2D18691EB517B800C2B29B /* ChaosGame.app */,
			);
			name = Products;
			sourceTree = "<group>";
		};
		4C2D186B1EB517B800C2B29B /* ChaosGame */ = {
			isa = PBXGroup;
			children = (
				4C2D187B1EB5184900C2B29B /* Application */,
				4C2D18A11EB62E6600C2B29B /* Extensions */,
				4C2D18B01EB6C1BB00C2B29B /* Utility */,
				4C2D18801EB5184900C2B29B /* Model */,
				4C2D187E1EB5184900C2B29B /* Controller */,
				4C2D18841EB5184900C2B29B /* Resources */,
				4CF623601ED1C71B0081E22E /* Supporting Files */,
			);
			path = ChaosGame;
			sourceTree = "<group>";
		};
		4C2D187B1EB5184900C2B29B /* Application */ = {
			isa = PBXGroup;
			children = (
				4C2D187C1EB5184900C2B29B /* AppDelegate.swift */,
			);
			path = Application;
			sourceTree = "<group>";
		};
		4C2D187E1EB5184900C2B29B /* Controller */ = {
			isa = PBXGroup;
			children = (
				4C2D187F1EB5184900C2B29B /* ChaosGameViewController.swift */,
				4C2D18971EB5411B00C2B29B /* ChaosGameSettingsViewController.swift */,
				4C2D189D1EB569D100C2B29B /* ChaosGamePlotViewController.swift */,
			);
			path = Controller;
			sourceTree = "<group>";
		};
		4C2D18801EB5184900C2B29B /* Model */ = {
			isa = PBXGroup;
			children = (
				4C2D18831EB5184900C2B29B /* Polygon.swift */,
				4C2D18951EB5218A00C2B29B /* PolygonVertexSelector.swift */,
				4C2D18821EB5184900C2B29B /* IterativeGenerator.swift */,
				4C2D18811EB5184900C2B29B /* ChaosGamePointGenerator.swift */,
				4C2D18931EB51EDA00C2B29B /* ChaosGameSettings.swift */,
				4C2D18991EB5576C00C2B29B /* ChaosGameRunner.swift */,
			);
			path = Model;
			sourceTree = "<group>";
		};
		4C2D18841EB5184900C2B29B /* Resources */ = {
			isa = PBXGroup;
			children = (
				4C2D18851EB5184900C2B29B /* Assets.xcassets */,
				4C2D18861EB5184900C2B29B /* Main.storyboard */,
			);
			path = Resources;
			sourceTree = "<group>";
		};
		4C2D18A11EB62E6600C2B29B /* Extensions */ = {
			isa = PBXGroup;
			children = (
				4C2D18A21EB62E8400C2B29B /* CGGeometry+Convenience.swift */,
			);
			path = Extensions;
			sourceTree = "<group>";
		};
		4C2D18B01EB6C1BB00C2B29B /* Utility */ = {
			isa = PBXGroup;
			children = (
				4C2D18B11EB6C1BB00C2B29B /* ConcurrentAccessor.swift */,
				4C2D18B31EB6C1CF00C2B29B /* QueueTimer.swift */,
			);
			path = Utility;
			sourceTree = "<group>";
		};
		4CF623601ED1C71B0081E22E /* Supporting Files */ = {
			isa = PBXGroup;
			children = (
				4CF623611ED1C71B0081E22E /* Info.plist */,
			);
			path = "Supporting Files";
			sourceTree = "<group>";
		};
		4CF6237D1ED1FED20081E22E /* Frameworks */ = {
			isa = PBXGroup;
			children = (
				4CF623801ED1FEDA0081E22E /* Cocoa.framework */,
				4CF6237E1ED1FED20081E22E /* SceneKit.framework */,
			);
			name = Frameworks;
			sourceTree = "<group>";
		};
/* End PBXGroup section */

/* Begin PBXNativeTarget section */
		4C2D18681EB517B800C2B29B /* ChaosGame */ = {
			isa = PBXNativeTarget;
			buildConfigurationList = 4C2D18781EB517B800C2B29B /* Build configuration list for PBXNativeTarget "ChaosGame" */;
			buildPhases = (
				4C2D18651EB517B800C2B29B /* Sources */,
				4C2D18661EB517B800C2B29B /* Frameworks */,
				4C2D18671EB517B800C2B29B /* Resources */,
			);
			buildRules = (
			);
			dependencies = (
			);
			name = ChaosGame;
			productName = ChaosGame;
			productReference = 4C2D18691EB517B800C2B29B /* ChaosGame.app */;
			productType = "com.apple.product-type.application";
		};
/* End PBXNativeTarget section */

/* Begin PBXProject section */
		4C2D18611EB517B800C2B29B /* Project object */ = {
			isa = PBXProject;
			attributes = {
				LastSwiftUpdateCheck = 0830;
				LastUpgradeCheck = 0930;
				ORGANIZATIONNAME = "Prachi Gauriar";
				TargetAttributes = {
					4C2D18681EB517B800C2B29B = {
						CreatedOnToolsVersion = 8.3.2;
						LastSwiftMigration = 0900;
						ProvisioningStyle = Automatic;
					};
				};
			};
			buildConfigurationList = 4C2D18641EB517B800C2B29B /* Build configuration list for PBXProject "ChaosGame" */;
			compatibilityVersion = "Xcode 3.2";
			developmentRegion = English;
			hasScannedForEncodings = 0;
			knownRegions = (
				en,
				Base,
			);
			mainGroup = 4C2D18601EB517B800C2B29B;
			productRefGroup = 4C2D186A1EB517B800C2B29B /* Products */;
			projectDirPath = "";
			projectRoot = "";
			targets = (
				4C2D18681EB517B800C2B29B /* ChaosGame */,
			);
		};
/* End PBXProject section */

/* Begin PBXResourcesBuildPhase section */
		4C2D18671EB517B800C2B29B /* Resources */ = {
			isa = PBXResourcesBuildPhase;
			buildActionMask = 2147483647;
			files = (
				4C2D18911EB5184900C2B29B /* Main.storyboard in Resources */,
				4C2D18901EB5184900C2B29B /* Assets.xcassets in Resources */,
			);
			runOnlyForDeploymentPostprocessing = 0;
		};
/* End PBXResourcesBuildPhase section */

/* Begin PBXSourcesBuildPhase section */
		4C2D18651EB517B800C2B29B /* Sources */ = {
			isa = PBXSourcesBuildPhase;
			buildActionMask = 2147483647;
			files = (
				4C2D189A1EB5576C00C2B29B /* ChaosGameRunner.swift in Sources */,
				4C2D188D1EB5184900C2B29B /* ChaosGamePointGenerator.swift in Sources */,
				4C2D188F1EB5184900C2B29B /* Polygon.swift in Sources */,
				4C2D18A31EB62E8400C2B29B /* CGGeometry+Convenience.swift in Sources */,
				4C2D188A1EB5184900C2B29B /* AppDelegate.swift in Sources */,
				4C2D188C1EB5184900C2B29B /* ChaosGameViewController.swift in Sources */,
				4C2D18961EB5218A00C2B29B /* PolygonVertexSelector.swift in Sources */,
				4C2D188E1EB5184900C2B29B /* IterativeGenerator.swift in Sources */,
				4C2D18B41EB6C1CF00C2B29B /* QueueTimer.swift in Sources */,
				4C2D18941EB51EDA00C2B29B /* ChaosGameSettings.swift in Sources */,
				4C2D18B21EB6C1BB00C2B29B /* ConcurrentAccessor.swift in Sources */,
				4C2D189E1EB569D100C2B29B /* ChaosGamePlotViewController.swift in Sources */,
				4C2D18981EB5411B00C2B29B /* ChaosGameSettingsViewController.swift in Sources */,
			);
			runOnlyForDeploymentPostprocessing = 0;
		};
/* End PBXSourcesBuildPhase section */

/* Begin PBXVariantGroup section */
		4C2D18861EB5184900C2B29B /* Main.storyboard */ = {
			isa = PBXVariantGroup;
			children = (
				4C2D18871EB5184900C2B29B /* Base */,
			);
			name = Main.storyboard;
			sourceTree = "<group>";
		};
/* End PBXVariantGroup section */

/* Begin XCBuildConfiguration section */
		4C2D18761EB517B800C2B29B /* Debug */ = {
			isa = XCBuildConfiguration;
			buildSettings = {
				ALWAYS_SEARCH_USER_PATHS = NO;
				CLANG_ANALYZER_NONNULL = YES;
				CLANG_ANALYZER_NUMBER_OBJECT_CONVERSION = YES_AGGRESSIVE;
				CLANG_CXX_LANGUAGE_STANDARD = "gnu++0x";
				CLANG_CXX_LIBRARY = "libc++";
				CLANG_ENABLE_MODULES = YES;
				CLANG_ENABLE_OBJC_ARC = YES;
				CLANG_WARN_BLOCK_CAPTURE_AUTORELEASING = YES;
				CLANG_WARN_BOOL_CONVERSION = YES;
				CLANG_WARN_COMMA = YES;
				CLANG_WARN_CONSTANT_CONVERSION = YES;
				CLANG_WARN_DEPRECATED_OBJC_IMPLEMENTATIONS = YES;
				CLANG_WARN_DIRECT_OBJC_ISA_USAGE = YES_ERROR;
				CLANG_WARN_DOCUMENTATION_COMMENTS = YES;
				CLANG_WARN_EMPTY_BODY = YES;
				CLANG_WARN_ENUM_CONVERSION = YES;
				CLANG_WARN_INFINITE_RECURSION = YES;
				CLANG_WARN_INT_CONVERSION = YES;
				CLANG_WARN_NON_LITERAL_NULL_CONVERSION = YES;
				CLANG_WARN_OBJC_IMPLICIT_RETAIN_SELF = YES;
				CLANG_WARN_OBJC_LITERAL_CONVERSION = YES;
				CLANG_WARN_OBJC_ROOT_CLASS = YES_ERROR;
				CLANG_WARN_RANGE_LOOP_ANALYSIS = YES;
				CLANG_WARN_STRICT_PROTOTYPES = YES;
				CLANG_WARN_SUSPICIOUS_MOVE = YES;
				CLANG_WARN_UNREACHABLE_CODE = YES;
				CLANG_WARN__DUPLICATE_METHOD_MATCH = YES;
				CODE_SIGN_IDENTITY = "-";
				COPY_PHASE_STRIP = NO;
				DEBUG_INFORMATION_FORMAT = dwarf;
				ENABLE_STRICT_OBJC_MSGSEND = YES;
				ENABLE_TESTABILITY = YES;
				GCC_C_LANGUAGE_STANDARD = gnu99;
				GCC_DYNAMIC_NO_PIC = NO;
				GCC_NO_COMMON_BLOCKS = YES;
				GCC_OPTIMIZATION_LEVEL = 0;
				GCC_PREPROCESSOR_DEFINITIONS = (
					"DEBUG=1",
					"$(inherited)",
				);
				GCC_WARN_64_TO_32_BIT_CONVERSION = YES;
				GCC_WARN_ABOUT_RETURN_TYPE = YES_ERROR;
				GCC_WARN_UNDECLARED_SELECTOR = YES;
				GCC_WARN_UNINITIALIZED_AUTOS = YES_AGGRESSIVE;
				GCC_WARN_UNUSED_FUNCTION = YES;
				GCC_WARN_UNUSED_VARIABLE = YES;
				MTL_ENABLE_DEBUG_INFO = YES;
				ONLY_ACTIVE_ARCH = YES;
				SDKROOT = macosx;
				SWIFT_ACTIVE_COMPILATION_CONDITIONS = DEBUG;
				SWIFT_OPTIMIZATION_LEVEL = "-Onone";
			};
			name = Debug;
		};
		4C2D18771EB517B800C2B29B /* Release */ = {
			isa = XCBuildConfiguration;
			buildSettings = {
				ALWAYS_SEARCH_USER_PATHS = NO;
				CLANG_ANALYZER_NONNULL = YES;
				CLANG_ANALYZER_NUMBER_OBJECT_CONVERSION = YES_AGGRESSIVE;
				CLANG_CXX_LANGUAGE_STANDARD = "gnu++0x";
				CLANG_CXX_LIBRARY = "libc++";
				CLANG_ENABLE_MODULES = YES;
				CLANG_ENABLE_OBJC_ARC = YES;
				CLANG_WARN_BLOCK_CAPTURE_AUTORELEASING = YES;
				CLANG_WARN_BOOL_CONVERSION = YES;
				CLANG_WARN_COMMA = YES;
				CLANG_WARN_CONSTANT_CONVERSION = YES;
				CLANG_WARN_DEPRECATED_OBJC_IMPLEMENTATIONS = YES;
				CLANG_WARN_DIRECT_OBJC_ISA_USAGE = YES_ERROR;
				CLANG_WARN_DOCUMENTATION_COMMENTS = YES;
				CLANG_WARN_EMPTY_BODY = YES;
				CLANG_WARN_ENUM_CONVERSION = YES;
				CLANG_WARN_INFINITE_RECURSION = YES;
				CLANG_WARN_INT_CONVERSION = YES;
				CLANG_WARN_NON_LITERAL_NULL_CONVERSION = YES;
				CLANG_WARN_OBJC_IMPLICIT_RETAIN_SELF = YES;
				CLANG_WARN_OBJC_LITERAL_CONVERSION = YES;
				CLANG_WARN_OBJC_ROOT_CLASS = YES_ERROR;
				CLANG_WARN_RANGE_LOOP_ANALYSIS = YES;
				CLANG_WARN_STRICT_PROTOTYPES = YES;
				CLANG_WARN_SUSPICIOUS_MOVE = YES;
				CLANG_WARN_UNREACHABLE_CODE = YES;
				CLANG_WARN__DUPLICATE_METHOD_MATCH = YES;
				CODE_SIGN_IDENTITY = "-";
				COPY_PHASE_STRIP = NO;
				DEBUG_INFORMATION_FORMAT = "dwarf-with-dsym";
				ENABLE_NS_ASSERTIONS = NO;
				ENABLE_STRICT_OBJC_MSGSEND = YES;
				GCC_C_LANGUAGE_STANDARD = gnu99;
				GCC_NO_COMMON_BLOCKS = YES;
				GCC_WARN_64_TO_32_BIT_CONVERSION = YES;
				GCC_WARN_ABOUT_RETURN_TYPE = YES_ERROR;
				GCC_WARN_UNDECLARED_SELECTOR = YES;
				GCC_WARN_UNINITIALIZED_AUTOS = YES_AGGRESSIVE;
				GCC_WARN_UNUSED_FUNCTION = YES;
				GCC_WARN_UNUSED_VARIABLE = YES;
				MTL_ENABLE_DEBUG_INFO = NO;
				SDKROOT = macosx;
				SWIFT_OPTIMIZATION_LEVEL = "-Owholemodule";
			};
			name = Release;
		};
		4C2D18791EB517B800C2B29B /* Debug */ = {
			isa = XCBuildConfiguration;
			buildSettings = {
				ASSETCATALOG_COMPILER_APPICON_NAME = AppIcon;
				COMBINE_HIDPI_IMAGES = YES;
				INFOPLIST_FILE = "$(SRCROOT)/ChaosGame/Supporting Files/Info.plist";
				LD_RUNPATH_SEARCH_PATHS = "$(inherited) @executable_path/../Frameworks";
				PRODUCT_BUNDLE_IDENTIFIER = com.quantumlenscap.ChaosGame;
				PRODUCT_NAME = "$(TARGET_NAME)";
				SWIFT_VERSION = 4.0;
			};
			name = Debug;
		};
		4C2D187A1EB517B800C2B29B /* Release */ = {
			isa = XCBuildConfiguration;
			buildSettings = {
				ASSETCATALOG_COMPILER_APPICON_NAME = AppIcon;
				COMBINE_HIDPI_IMAGES = YES;
				INFOPLIST_FILE = "$(SRCROOT)/ChaosGame/Supporting Files/Info.plist";
				LD_RUNPATH_SEARCH_PATHS = "$(inherited) @executable_path/../Frameworks";
				PRODUCT_BUNDLE_IDENTIFIER = com.quantumlenscap.ChaosGame;
				PRODUCT_NAME = "$(TARGET_NAME)";
				SWIFT_VERSION = 4.0;
			};
			name = Release;
		};
/* End XCBuildConfiguration section */

/* Begin XCConfigurationList section */
		4C2D18641EB517B800C2B29B /* Build configuration list for PBXProject "ChaosGame" */ = {
			isa = XCConfigurationList;
			buildConfigurations = (
				4C2D18761EB517B800C2B29B /* Debug */,
				4C2D18771EB517B800C2B29B /* Release */,
			);
			defaultConfigurationIsVisible = 0;
			defaultConfigurationName = Release;
		};
		4C2D18781EB517B800C2B29B /* Build configuration list for PBXNativeTarget "ChaosGame" */ = {
			isa = XCConfigurationList;
			buildConfigurations = (
				4C2D18791EB517B800C2B29B /* Debug */,
				4C2D187A1EB517B800C2B29B /* Release */,
			);
			defaultConfigurationIsVisible = 0;
			defaultConfigurationName = Release;
		};
/* End XCConfigurationList section */
	};
	rootObject = 4C2D18611EB517B800C2B29B /* Project object */;
}
