// !$*UTF8*$!
{
	archiveVersion = 1;
	classes = {
	};
	objectVersion = 46;
	objects = {

/* Begin PBXBuildFile section */
		4C09890E22AFF0BA00D85D8C /* AppDelegate.swift in Sources */ = {isa = PBXBuildFile; fileRef = 4C09890D22AFF0BA00D85D8C /* AppDelegate.swift */; };
		4C09891022AFF0BA00D85D8C /* SceneDelegate.swift in Sources */ = {isa = PBXBuildFile; fileRef = 4C09890F22AFF0BA00D85D8C /* SceneDelegate.swift */; };
		4C09891422AFF0BA00D85D8C /* Assets.xcassets in Resources */ = {isa = PBXBuildFile; fileRef = 4C09891322AFF0BA00D85D8C /* Assets.xcassets */; };
		4C09891722AFF0BA00D85D8C /* Preview Assets.xcassets in Resources */ = {isa = PBXBuildFile; fileRef = 4C09891622AFF0BA00D85D8C /* Preview Assets.xcassets */; };
		4C09891A22AFF0BA00D85D8C /* LaunchScreen.storyboard in Resources */ = {isa = PBXBuildFile; fileRef = 4C09891822AFF0BA00D85D8C /* LaunchScreen.storyboard */; };
		4C09891F22AFF1BC00D85D8C /* CGGeometry+Convenience.swift in Sources */ = {isa = PBXBuildFile; fileRef = 4C2D18A21EB62E8400C2B29B /* CGGeometry+Convenience.swift */; };
		4C09892222AFF1BC00D85D8C /* Polygon.swift in Sources */ = {isa = PBXBuildFile; fileRef = 4C2D18831EB5184900C2B29B /* Polygon.swift */; };
		4C09892322AFF1BC00D85D8C /* PolygonVertexSelector.swift in Sources */ = {isa = PBXBuildFile; fileRef = 4C2D18951EB5218A00C2B29B /* PolygonVertexSelector.swift */; };
		4C09892522AFF1BC00D85D8C /* ChaosGameSequence.swift in Sources */ = {isa = PBXBuildFile; fileRef = 4C2D18811EB5184900C2B29B /* ChaosGameSequence.swift */; };
		4C09892622AFF1BC00D85D8C /* ChaosGameSettings.swift in Sources */ = {isa = PBXBuildFile; fileRef = 4C2D18931EB51EDA00C2B29B /* ChaosGameSettings.swift */; };
		4C0AE76422C325CD0027224E /* EditingContext.swift in Sources */ = {isa = PBXBuildFile; fileRef = 4C0AE76322C325CD0027224E /* EditingContext.swift */; };
		4C2423EC22C70427002CA693 /* ChaosGamePlotter.swift in Sources */ = {isa = PBXBuildFile; fileRef = 4C3F5B8922C3FD8800692A7B /* ChaosGamePlotter.swift */; };
		4C2423ED22C705A3002CA693 /* ChaosGameView.swift in Sources */ = {isa = PBXBuildFile; fileRef = 4C09891122AFF0BA00D85D8C /* ChaosGameView.swift */; };
		4C2423F022C793EE002CA693 /* DispatchSourceTimerPublisher.swift in Sources */ = {isa = PBXBuildFile; fileRef = 4C2423EF22C793EE002CA693 /* DispatchSourceTimerPublisher.swift */; };
		4C2423F622C7DED0002CA693 /* IteratorProtocol+Next.swift in Sources */ = {isa = PBXBuildFile; fileRef = 4C2423F522C7DED0002CA693 /* IteratorProtocol+Next.swift */; };
		4C769C3B22C0F5AC007BB763 /* EditSettingsView.swift in Sources */ = {isa = PBXBuildFile; fileRef = 4C769C3A22C0F5AC007BB763 /* EditSettingsView.swift */; };
		4CA465F122C178F200DBDD43 /* BindingHelpers.swift in Sources */ = {isa = PBXBuildFile; fileRef = 4CA465F022C178F200DBDD43 /* BindingHelpers.swift */; };
		4CA465F322C1794500DBDD43 /* Slider+Logarithmic.swift in Sources */ = {isa = PBXBuildFile; fileRef = 4CA465F222C1794500DBDD43 /* Slider+Logarithmic.swift */; };
		4CA465F922C1B61800DBDD43 /* CGPoint+Random.swift in Sources */ = {isa = PBXBuildFile; fileRef = 4CA465F822C1B61800DBDD43 /* CGPoint+Random.swift */; };
		4CA465FB22C1B9A300DBDD43 /* PlotView.swift in Sources */ = {isa = PBXBuildFile; fileRef = 4CA465FA22C1B9A300DBDD43 /* PlotView.swift */; };
/* End PBXBuildFile section */

/* Begin PBXFileReference section */
		4C09890B22AFF0BA00D85D8C /* ChaosGame.app */ = {isa = PBXFileReference; explicitFileType = wrapper.application; includeInIndex = 0; path = ChaosGame.app; sourceTree = BUILT_PRODUCTS_DIR; };
		4C09890D22AFF0BA00D85D8C /* AppDelegate.swift */ = {isa = PBXFileReference; lastKnownFileType = sourcecode.swift; path = AppDelegate.swift; sourceTree = "<group>"; };
		4C09890F22AFF0BA00D85D8C /* SceneDelegate.swift */ = {isa = PBXFileReference; lastKnownFileType = sourcecode.swift; path = SceneDelegate.swift; sourceTree = "<group>"; };
		4C09891122AFF0BA00D85D8C /* ChaosGameView.swift */ = {isa = PBXFileReference; lastKnownFileType = sourcecode.swift; path = ChaosGameView.swift; sourceTree = "<group>"; };
		4C09891322AFF0BA00D85D8C /* Assets.xcassets */ = {isa = PBXFileReference; lastKnownFileType = folder.assetcatalog; path = Assets.xcassets; sourceTree = "<group>"; };
		4C09891622AFF0BA00D85D8C /* Preview Assets.xcassets */ = {isa = PBXFileReference; lastKnownFileType = folder.assetcatalog; path = "Preview Assets.xcassets"; sourceTree = "<group>"; };
		4C09891922AFF0BA00D85D8C /* Base */ = {isa = PBXFileReference; lastKnownFileType = file.storyboard; name = Base; path = Base.lproj/LaunchScreen.storyboard; sourceTree = "<group>"; };
		4C09891B22AFF0BA00D85D8C /* Info.plist */ = {isa = PBXFileReference; lastKnownFileType = text.plist.xml; path = Info.plist; sourceTree = "<group>"; };
		4C0AE76322C325CD0027224E /* EditingContext.swift */ = {isa = PBXFileReference; lastKnownFileType = sourcecode.swift; path = EditingContext.swift; sourceTree = "<group>"; };
		4C2423EF22C793EE002CA693 /* DispatchSourceTimerPublisher.swift */ = {isa = PBXFileReference; fileEncoding = 4; lastKnownFileType = sourcecode.swift; path = DispatchSourceTimerPublisher.swift; sourceTree = "<group>"; };
		4C2423F522C7DED0002CA693 /* IteratorProtocol+Next.swift */ = {isa = PBXFileReference; lastKnownFileType = sourcecode.swift; path = "IteratorProtocol+Next.swift"; sourceTree = "<group>"; };
		4C2D18811EB5184900C2B29B /* ChaosGameSequence.swift */ = {isa = PBXFileReference; fileEncoding = 4; lastKnownFileType = sourcecode.swift; path = ChaosGameSequence.swift; sourceTree = "<group>"; };
		4C2D18831EB5184900C2B29B /* Polygon.swift */ = {isa = PBXFileReference; fileEncoding = 4; lastKnownFileType = sourcecode.swift; path = Polygon.swift; sourceTree = "<group>"; };
		4C2D18931EB51EDA00C2B29B /* ChaosGameSettings.swift */ = {isa = PBXFileReference; fileEncoding = 4; lastKnownFileType = sourcecode.swift; path = ChaosGameSettings.swift; sourceTree = "<group>"; };
		4C2D18951EB5218A00C2B29B /* PolygonVertexSelector.swift */ = {isa = PBXFileReference; fileEncoding = 4; lastKnownFileType = sourcecode.swift; path = PolygonVertexSelector.swift; sourceTree = "<group>"; };
		4C2D18A21EB62E8400C2B29B /* CGGeometry+Convenience.swift */ = {isa = PBXFileReference; fileEncoding = 4; lastKnownFileType = sourcecode.swift; path = "CGGeometry+Convenience.swift"; sourceTree = "<group>"; };
		4C3F5B8922C3FD8800692A7B /* ChaosGamePlotter.swift */ = {isa = PBXFileReference; lastKnownFileType = sourcecode.swift; path = ChaosGamePlotter.swift; sourceTree = "<group>"; };
		4C769C3A22C0F5AC007BB763 /* EditSettingsView.swift */ = {isa = PBXFileReference; lastKnownFileType = sourcecode.swift; path = EditSettingsView.swift; sourceTree = "<group>"; };
		4CA465F022C178F200DBDD43 /* BindingHelpers.swift */ = {isa = PBXFileReference; lastKnownFileType = sourcecode.swift; path = BindingHelpers.swift; sourceTree = "<group>"; };
		4CA465F222C1794500DBDD43 /* Slider+Logarithmic.swift */ = {isa = PBXFileReference; lastKnownFileType = sourcecode.swift; path = "Slider+Logarithmic.swift"; sourceTree = "<group>"; };
		4CA465F822C1B61800DBDD43 /* CGPoint+Random.swift */ = {isa = PBXFileReference; lastKnownFileType = sourcecode.swift; path = "CGPoint+Random.swift"; sourceTree = "<group>"; };
		4CA465FA22C1B9A300DBDD43 /* PlotView.swift */ = {isa = PBXFileReference; lastKnownFileType = sourcecode.swift; path = PlotView.swift; sourceTree = "<group>"; };
		4CF6237E1ED1FED20081E22E /* SceneKit.framework */ = {isa = PBXFileReference; lastKnownFileType = wrapper.framework; name = SceneKit.framework; path = System/Library/Frameworks/SceneKit.framework; sourceTree = SDKROOT; };
		4CF623801ED1FEDA0081E22E /* Cocoa.framework */ = {isa = PBXFileReference; lastKnownFileType = wrapper.framework; name = Cocoa.framework; path = System/Library/Frameworks/Cocoa.framework; sourceTree = SDKROOT; };
/* End PBXFileReference section */

/* Begin PBXFrameworksBuildPhase section */
		4C09890822AFF0BA00D85D8C /* Frameworks */ = {
			isa = PBXFrameworksBuildPhase;
			buildActionMask = 2147483647;
			files = (
			);
			runOnlyForDeploymentPostprocessing = 0;
		};
/* End PBXFrameworksBuildPhase section */

/* Begin PBXGroup section */
		4C09890C22AFF0BA00D85D8C /* ChaosGame */ = {
			isa = PBXGroup;
			children = (
				4CA465F422C1B53000DBDD43 /* Application */,
				4CA465F722C1B54D00DBDD43 /* Extensions */,
				4CA465F522C1B53400DBDD43 /* Model */,
				4CA465F622C1B53700DBDD43 /* View */,
				4C2423EE22C793EE002CA693 /* Utility */,
				4C09891322AFF0BA00D85D8C /* Assets.xcassets */,
				4C09891822AFF0BA00D85D8C /* LaunchScreen.storyboard */,
				4C09891B22AFF0BA00D85D8C /* Info.plist */,
				4C09891522AFF0BA00D85D8C /* Preview Content */,
			);
			path = ChaosGame;
			sourceTree = "<group>";
		};
		4C09891522AFF0BA00D85D8C /* Preview Content */ = {
			isa = PBXGroup;
			children = (
				4C09891622AFF0BA00D85D8C /* Preview Assets.xcassets */,
			);
			path = "Preview Content";
			sourceTree = "<group>";
		};
		4C2423EE22C793EE002CA693 /* Utility */ = {
			isa = PBXGroup;
			children = (
				4C2423EF22C793EE002CA693 /* DispatchSourceTimerPublisher.swift */,
			);
			path = Utility;
			sourceTree = "<group>";
		};
		4C2D18601EB517B800C2B29B = {
			isa = PBXGroup;
			children = (
				4C09890C22AFF0BA00D85D8C /* ChaosGame */,
				4C2D186A1EB517B800C2B29B /* Products */,
				4CF6237D1ED1FED20081E22E /* Frameworks */,
			);
			sourceTree = "<group>";
		};
		4C2D186A1EB517B800C2B29B /* Products */ = {
			isa = PBXGroup;
			children = (
				4C09890B22AFF0BA00D85D8C /* ChaosGame.app */,
			);
			name = Products;
			sourceTree = "<group>";
		};
		4CA465F422C1B53000DBDD43 /* Application */ = {
			isa = PBXGroup;
			children = (
				4C09890D22AFF0BA00D85D8C /* AppDelegate.swift */,
				4C09890F22AFF0BA00D85D8C /* SceneDelegate.swift */,
			);
			path = Application;
			sourceTree = "<group>";
		};
		4CA465F522C1B53400DBDD43 /* Model */ = {
			isa = PBXGroup;
			children = (
				4C2D18831EB5184900C2B29B /* Polygon.swift */,
				4C2D18951EB5218A00C2B29B /* PolygonVertexSelector.swift */,
				4C2D18811EB5184900C2B29B /* ChaosGameSequence.swift */,
				4C2D18931EB51EDA00C2B29B /* ChaosGameSettings.swift */,
				4C3F5B8922C3FD8800692A7B /* ChaosGamePlotter.swift */,
				4C0AE76322C325CD0027224E /* EditingContext.swift */,
			);
			path = Model;
			sourceTree = "<group>";
		};
		4CA465F622C1B53700DBDD43 /* View */ = {
			isa = PBXGroup;
			children = (
				4C09891122AFF0BA00D85D8C /* ChaosGameView.swift */,
				4C769C3A22C0F5AC007BB763 /* EditSettingsView.swift */,
				4CA465FA22C1B9A300DBDD43 /* PlotView.swift */,
			);
			path = View;
			sourceTree = "<group>";
		};
		4CA465F722C1B54D00DBDD43 /* Extensions */ = {
			isa = PBXGroup;
			children = (
				4CA465F022C178F200DBDD43 /* BindingHelpers.swift */,
				4C2D18A21EB62E8400C2B29B /* CGGeometry+Convenience.swift */,
				4CA465F822C1B61800DBDD43 /* CGPoint+Random.swift */,
				4C2423F522C7DED0002CA693 /* IteratorProtocol+Next.swift */,
				4CA465F222C1794500DBDD43 /* Slider+Logarithmic.swift */,
			);
			path = Extensions;
			sourceTree = "<group>";
		};
		4CF6237D1ED1FED20081E22E /* Frameworks */ = {
			isa = PBXGroup;
			children = (
				4CF623801ED1FEDA0081E22E /* Cocoa.framework */,
				4CF6237E1ED1FED20081E22E /* SceneKit.framework */,
			);
			name = Frameworks;
			sourceTree = "<group>";
		};
/* End PBXGroup section */

/* Begin PBXNativeTarget section */
		4C09890A22AFF0BA00D85D8C /* ChaosGame */ = {
			isa = PBXNativeTarget;
			buildConfigurationList = 4C09891C22AFF0BA00D85D8C /* Build configuration list for PBXNativeTarget "ChaosGame" */;
			buildPhases = (
				4C09890722AFF0BA00D85D8C /* Sources */,
				4C09890822AFF0BA00D85D8C /* Frameworks */,
				4C09890922AFF0BA00D85D8C /* Resources */,
			);
			buildRules = (
			);
			dependencies = (
			);
			name = ChaosGame;
			productName = "ChaosGame-SwiftUI";
			productReference = 4C09890B22AFF0BA00D85D8C /* ChaosGame.app */;
			productType = "com.apple.product-type.application";
		};
/* End PBXNativeTarget section */

/* Begin PBXProject section */
		4C2D18611EB517B800C2B29B /* Project object */ = {
			isa = PBXProject;
			attributes = {
				LastSwiftUpdateCheck = 1100;
				LastUpgradeCheck = 1100;
				ORGANIZATIONNAME = "Prachi Gauriar";
				TargetAttributes = {
					4C09890A22AFF0BA00D85D8C = {
						CreatedOnToolsVersion = 11.0;
						ProvisioningStyle = Automatic;
					};
				};
			};
			buildConfigurationList = 4C2D18641EB517B800C2B29B /* Build configuration list for PBXProject "ChaosGame" */;
			compatibilityVersion = "Xcode 3.2";
			developmentRegion = en;
			hasScannedForEncodings = 0;
			knownRegions = (
				en,
				Base,
			);
			mainGroup = 4C2D18601EB517B800C2B29B;
			productRefGroup = 4C2D186A1EB517B800C2B29B /* Products */;
			projectDirPath = "";
			projectRoot = "";
			targets = (
				4C09890A22AFF0BA00D85D8C /* ChaosGame */,
			);
		};
/* End PBXProject section */

/* Begin PBXResourcesBuildPhase section */
		4C09890922AFF0BA00D85D8C /* Resources */ = {
			isa = PBXResourcesBuildPhase;
			buildActionMask = 2147483647;
			files = (
				4C09891A22AFF0BA00D85D8C /* LaunchScreen.storyboard in Resources */,
				4C09891722AFF0BA00D85D8C /* Preview Assets.xcassets in Resources */,
				4C09891422AFF0BA00D85D8C /* Assets.xcassets in Resources */,
			);
			runOnlyForDeploymentPostprocessing = 0;
		};
/* End PBXResourcesBuildPhase section */

/* Begin PBXSourcesBuildPhase section */
		4C09890722AFF0BA00D85D8C /* Sources */ = {
			isa = PBXSourcesBuildPhase;
			buildActionMask = 2147483647;
			files = (
				4C2423F622C7DED0002CA693 /* IteratorProtocol+Next.swift in Sources */,
				4CA465FB22C1B9A300DBDD43 /* PlotView.swift in Sources */,
				4C09892522AFF1BC00D85D8C /* ChaosGameSequence.swift in Sources */,
				4CA465F322C1794500DBDD43 /* Slider+Logarithmic.swift in Sources */,
				4C09890E22AFF0BA00D85D8C /* AppDelegate.swift in Sources */,
				4C09891F22AFF1BC00D85D8C /* CGGeometry+Convenience.swift in Sources */,
				4C2423ED22C705A3002CA693 /* ChaosGameView.swift in Sources */,
				4C0AE76422C325CD0027224E /* EditingContext.swift in Sources */,
				4C09891022AFF0BA00D85D8C /* SceneDelegate.swift in Sources */,
				4C09892322AFF1BC00D85D8C /* PolygonVertexSelector.swift in Sources */,
				4C2423EC22C70427002CA693 /* ChaosGamePlotter.swift in Sources */,
				4CA465F122C178F200DBDD43 /* BindingHelpers.swift in Sources */,
				4C09892622AFF1BC00D85D8C /* ChaosGameSettings.swift in Sources */,
				4C769C3B22C0F5AC007BB763 /* EditSettingsView.swift in Sources */,
				4C2423F022C793EE002CA693 /* DispatchSourceTimerPublisher.swift in Sources */,
				4C09892222AFF1BC00D85D8C /* Polygon.swift in Sources */,
				4CA465F922C1B61800DBDD43 /* CGPoint+Random.swift in Sources */,
			);
			runOnlyForDeploymentPostprocessing = 0;
		};
/* End PBXSourcesBuildPhase section */

/* Begin PBXVariantGroup section */
		4C09891822AFF0BA00D85D8C /* LaunchScreen.storyboard */ = {
			isa = PBXVariantGroup;
			children = (
				4C09891922AFF0BA00D85D8C /* Base */,
			);
			name = LaunchScreen.storyboard;
			sourceTree = "<group>";
		};
/* End PBXVariantGroup section */

/* Begin XCBuildConfiguration section */
		4C09891D22AFF0BA00D85D8C /* Debug */ = {
			isa = XCBuildConfiguration;
			buildSettings = {
				ASSETCATALOG_COMPILER_APPICON_NAME = AppIcon;
				CLANG_CXX_LANGUAGE_STANDARD = "gnu++14";
				CLANG_ENABLE_OBJC_WEAK = YES;
				CLANG_WARN_UNGUARDED_AVAILABILITY = YES_AGGRESSIVE;
				CODE_SIGN_STYLE = Automatic;
				DEVELOPMENT_ASSET_PATHS = "ChaosGame/Preview\\ Content";
				ENABLE_PREVIEWS = YES;
				GCC_C_LANGUAGE_STANDARD = gnu11;
				INFOPLIST_FILE = "$(SRCROOT)/ChaosGame/Info.plist";
				IPHONEOS_DEPLOYMENT_TARGET = 13.0;
				LD_RUNPATH_SEARCH_PATHS = "$(inherited) @executable_path/Frameworks";
				MTL_ENABLE_DEBUG_INFO = INCLUDE_SOURCE;
				MTL_FAST_MATH = YES;
				PRODUCT_BUNDLE_IDENTIFIER = com.quantumlenscap.ChaosGame;
				PRODUCT_NAME = "$(TARGET_NAME)";
				SDKROOT = iphoneos;
				SWIFT_VERSION = 5.0;
				TARGETED_DEVICE_FAMILY = "1,2";
			};
			name = Debug;
		};
		4C09891E22AFF0BA00D85D8C /* Release */ = {
			isa = XCBuildConfiguration;
			buildSettings = {
				ASSETCATALOG_COMPILER_APPICON_NAME = AppIcon;
				CLANG_CXX_LANGUAGE_STANDARD = "gnu++14";
				CLANG_ENABLE_OBJC_WEAK = YES;
				CLANG_WARN_UNGUARDED_AVAILABILITY = YES_AGGRESSIVE;
				CODE_SIGN_STYLE = Automatic;
				DEVELOPMENT_ASSET_PATHS = "ChaosGame/Preview\\ Content";
				ENABLE_PREVIEWS = YES;
				GCC_C_LANGUAGE_STANDARD = gnu11;
				INFOPLIST_FILE = "$(SRCROOT)/ChaosGame/Info.plist";
				IPHONEOS_DEPLOYMENT_TARGET = 13.0;
				LD_RUNPATH_SEARCH_PATHS = "$(inherited) @executable_path/Frameworks";
				MTL_FAST_MATH = YES;
				PRODUCT_BUNDLE_IDENTIFIER = com.quantumlenscap.ChaosGame;
				PRODUCT_NAME = "$(TARGET_NAME)";
				SDKROOT = iphoneos;
				SWIFT_VERSION = 5.0;
				TARGETED_DEVICE_FAMILY = "1,2";
				VALIDATE_PRODUCT = YES;
			};
			name = Release;
		};
		4C2D18761EB517B800C2B29B /* Debug */ = {
			isa = XCBuildConfiguration;
			buildSettings = {
				ALWAYS_SEARCH_USER_PATHS = NO;
				CLANG_ANALYZER_LOCALIZABILITY_NONLOCALIZED = YES;
				CLANG_ANALYZER_NONNULL = YES;
				CLANG_ANALYZER_NUMBER_OBJECT_CONVERSION = YES_AGGRESSIVE;
				CLANG_CXX_LANGUAGE_STANDARD = "gnu++0x";
				CLANG_CXX_LIBRARY = "libc++";
				CLANG_ENABLE_MODULES = YES;
				CLANG_ENABLE_OBJC_ARC = YES;
				CLANG_WARN_BLOCK_CAPTURE_AUTORELEASING = YES;
				CLANG_WARN_BOOL_CONVERSION = YES;
				CLANG_WARN_COMMA = YES;
				CLANG_WARN_CONSTANT_CONVERSION = YES;
				CLANG_WARN_DEPRECATED_OBJC_IMPLEMENTATIONS = YES;
				CLANG_WARN_DIRECT_OBJC_ISA_USAGE = YES_ERROR;
				CLANG_WARN_DOCUMENTATION_COMMENTS = YES;
				CLANG_WARN_EMPTY_BODY = YES;
				CLANG_WARN_ENUM_CONVERSION = YES;
				CLANG_WARN_INFINITE_RECURSION = YES;
				CLANG_WARN_INT_CONVERSION = YES;
				CLANG_WARN_NON_LITERAL_NULL_CONVERSION = YES;
				CLANG_WARN_OBJC_IMPLICIT_RETAIN_SELF = YES;
				CLANG_WARN_OBJC_LITERAL_CONVERSION = YES;
				CLANG_WARN_OBJC_ROOT_CLASS = YES_ERROR;
				CLANG_WARN_RANGE_LOOP_ANALYSIS = YES;
				CLANG_WARN_STRICT_PROTOTYPES = YES;
				CLANG_WARN_SUSPICIOUS_MOVE = YES;
				CLANG_WARN_UNREACHABLE_CODE = YES;
				CLANG_WARN__DUPLICATE_METHOD_MATCH = YES;
				CODE_SIGN_IDENTITY = "-";
				COPY_PHASE_STRIP = NO;
				DEBUG_INFORMATION_FORMAT = dwarf;
				ENABLE_STRICT_OBJC_MSGSEND = YES;
				ENABLE_TESTABILITY = YES;
				GCC_C_LANGUAGE_STANDARD = gnu99;
				GCC_DYNAMIC_NO_PIC = NO;
				GCC_NO_COMMON_BLOCKS = YES;
				GCC_OPTIMIZATION_LEVEL = 0;
				GCC_PREPROCESSOR_DEFINITIONS = (
					"DEBUG=1",
					"$(inherited)",
				);
				GCC_WARN_64_TO_32_BIT_CONVERSION = YES;
				GCC_WARN_ABOUT_RETURN_TYPE = YES_ERROR;
				GCC_WARN_UNDECLARED_SELECTOR = YES;
				GCC_WARN_UNINITIALIZED_AUTOS = YES_AGGRESSIVE;
				GCC_WARN_UNUSED_FUNCTION = YES;
				GCC_WARN_UNUSED_VARIABLE = YES;
				MTL_ENABLE_DEBUG_INFO = YES;
				ONLY_ACTIVE_ARCH = YES;
				SDKROOT = macosx;
				SWIFT_ACTIVE_COMPILATION_CONDITIONS = DEBUG;
				SWIFT_OPTIMIZATION_LEVEL = "-Onone";
			};
			name = Debug;
		};
		4C2D18771EB517B800C2B29B /* Release */ = {
			isa = XCBuildConfiguration;
			buildSettings = {
				ALWAYS_SEARCH_USER_PATHS = NO;
				CLANG_ANALYZER_LOCALIZABILITY_NONLOCALIZED = YES;
				CLANG_ANALYZER_NONNULL = YES;
				CLANG_ANALYZER_NUMBER_OBJECT_CONVERSION = YES_AGGRESSIVE;
				CLANG_CXX_LANGUAGE_STANDARD = "gnu++0x";
				CLANG_CXX_LIBRARY = "libc++";
				CLANG_ENABLE_MODULES = YES;
				CLANG_ENABLE_OBJC_ARC = YES;
				CLANG_WARN_BLOCK_CAPTURE_AUTORELEASING = YES;
				CLANG_WARN_BOOL_CONVERSION = YES;
				CLANG_WARN_COMMA = YES;
				CLANG_WARN_CONSTANT_CONVERSION = YES;
				CLANG_WARN_DEPRECATED_OBJC_IMPLEMENTATIONS = YES;
				CLANG_WARN_DIRECT_OBJC_ISA_USAGE = YES_ERROR;
				CLANG_WARN_DOCUMENTATION_COMMENTS = YES;
				CLANG_WARN_EMPTY_BODY = YES;
				CLANG_WARN_ENUM_CONVERSION = YES;
				CLANG_WARN_INFINITE_RECURSION = YES;
				CLANG_WARN_INT_CONVERSION = YES;
				CLANG_WARN_NON_LITERAL_NULL_CONVERSION = YES;
				CLANG_WARN_OBJC_IMPLICIT_RETAIN_SELF = YES;
				CLANG_WARN_OBJC_LITERAL_CONVERSION = YES;
				CLANG_WARN_OBJC_ROOT_CLASS = YES_ERROR;
				CLANG_WARN_RANGE_LOOP_ANALYSIS = YES;
				CLANG_WARN_STRICT_PROTOTYPES = YES;
				CLANG_WARN_SUSPICIOUS_MOVE = YES;
				CLANG_WARN_UNREACHABLE_CODE = YES;
				CLANG_WARN__DUPLICATE_METHOD_MATCH = YES;
				CODE_SIGN_IDENTITY = "-";
				COPY_PHASE_STRIP = NO;
				DEBUG_INFORMATION_FORMAT = "dwarf-with-dsym";
				ENABLE_NS_ASSERTIONS = NO;
				ENABLE_STRICT_OBJC_MSGSEND = YES;
				GCC_C_LANGUAGE_STANDARD = gnu99;
				GCC_NO_COMMON_BLOCKS = YES;
				GCC_WARN_64_TO_32_BIT_CONVERSION = YES;
				GCC_WARN_ABOUT_RETURN_TYPE = YES_ERROR;
				GCC_WARN_UNDECLARED_SELECTOR = YES;
				GCC_WARN_UNINITIALIZED_AUTOS = YES_AGGRESSIVE;
				GCC_WARN_UNUSED_FUNCTION = YES;
				GCC_WARN_UNUSED_VARIABLE = YES;
				MTL_ENABLE_DEBUG_INFO = NO;
				SDKROOT = macosx;
				SWIFT_OPTIMIZATION_LEVEL = "-Owholemodule";
			};
			name = Release;
		};
/* End XCBuildConfiguration section */

/* Begin XCConfigurationList section */
		4C09891C22AFF0BA00D85D8C /* Build configuration list for PBXNativeTarget "ChaosGame" */ = {
			isa = XCConfigurationList;
			buildConfigurations = (
				4C09891D22AFF0BA00D85D8C /* Debug */,
				4C09891E22AFF0BA00D85D8C /* Release */,
			);
			defaultConfigurationIsVisible = 0;
			defaultConfigurationName = Release;
		};
		4C2D18641EB517B800C2B29B /* Build configuration list for PBXProject "ChaosGame" */ = {
			isa = XCConfigurationList;
			buildConfigurations = (
				4C2D18761EB517B800C2B29B /* Debug */,
				4C2D18771EB517B800C2B29B /* Release */,
			);
			defaultConfigurationIsVisible = 0;
			defaultConfigurationName = Release;
		};
/* End XCConfigurationList section */
	};
	rootObject = 4C2D18611EB517B800C2B29B /* Project object */;
}
